
Microsoft Visual Studio Solution File, Format Version 12.00
# Visual Studio Version 17
VisualStudioVersion = 17.8.34511.84
MinimumVisualStudioVersion = 10.0.40219.1
Project("{FAE04EC0-301F-11D3-BF4B-00C04F79EFBC}") = "LumberJack", "LumberJack\LumberJack.csproj", "{39CD0E95-71C0-4537-B788-078DD581B24E}"
EndProject
Global
	GlobalSection(SolutionConfigurationPlatforms) = preSolution
		Debug|Any CPU = Debug|Any CPU
		Release|Any CPU = Release|Any CPU
	EndGlobalSection
	GlobalSection(ProjectConfigurationPlatforms) = postSolution
		{39CD0E95-71C0-4537-B788-078DD581B24E}.Debug|Any CPU.ActiveCfg = Debug|Any CPU
		{39CD0E95-71C0-4537-B788-078DD581B24E}.Debug|Any CPU.Build.0 = Debug|Any CPU
		{39CD0E95-71C0-4537-B788-078DD581B24E}.Release|Any CPU.ActiveCfg = Release|Any CPU
		{39CD0E95-71C0-4537-B788-078DD581B24E}.Release|Any CPU.Build.0 = Release|Any CPU
	EndGlobalSection
	GlobalSection(SolutionProperties) = preSolution
		HideSolutionNode = FALSE
	EndGlobalSection
	GlobalSection(ExtensibilityGlobals) = postSolution
		SolutionGuid = {130C2CD1-DB39-43E3-BF61-54CA874870BB}
	EndGlobalSection
EndGlobal
